
Microsoft Visual Studio Solution File, Format Version 12.00
# Visual Studio Version 17
VisualStudioVersion = 17.11.35222.181
MinimumVisualStudioVersion = 10.0.40219.1
Project("{FAE04EC0-301F-11D3-BF4B-00C04F79EFBC}") = "WPFServer", "WPFServer\WPFServer.csproj", "{D1258E7F-0F63-4F23-BCAD-1BCE3FD9729D}"
EndProject
Global
	GlobalSection(SolutionConfigurationPlatforms) = preSolution
		Debug|Any CPU = Debug|Any CPU
		Release|Any CPU = Release|Any CPU
	EndGlobalSection
	GlobalSection(ProjectConfigurationPlatforms) = postSolution
		{D1258E7F-0F63-4F23-BCAD-1BCE3FD9729D}.Debug|Any CPU.ActiveCfg = Debug|Any CPU
		{D1258E7F-0F63-4F23-BCAD-1BCE3FD9729D}.Debug|Any CPU.Build.0 = Debug|Any CPU
		{D1258E7F-0F63-4F23-BCAD-1BCE3FD9729D}.Release|Any CPU.ActiveCfg = Release|Any CPU
		{D1258E7F-0F63-4F23-BCAD-1BCE3FD9729D}.Release|Any CPU.Build.0 = Release|Any CPU
	EndGlobalSection
	GlobalSection(SolutionProperties) = preSolution
		HideSolutionNode = FALSE
	EndGlobalSection
	GlobalSection(ExtensibilityGlobals) = postSolution
		SolutionGuid = {11F6EFA2-EB28-4A73-815F-7ED1BD2E790B}
	EndGlobalSection
EndGlobal
